
Microsoft Visual Studio Solution File, Format Version 12.00
# Visual Studio Version 17
VisualStudioVersion = 17.9.34616.47
MinimumVisualStudioVersion = 10.0.40219.1
Project("{FAE04EC0-301F-11D3-BF4B-00C04F79EFBC}") = "VkAlcoBot2", "VkAlcoBot2\VkAlcoBot2.csproj", "{8767E968-A068-49A3-8D68-C1F8265145D3}"
EndProject
Global
	GlobalSection(SolutionConfigurationPlatforms) = preSolution
		Debug|Any CPU = Debug|Any CPU
		Release|Any CPU = Release|Any CPU
	EndGlobalSection
	GlobalSection(ProjectConfigurationPlatforms) = postSolution
		{8767E968-A068-49A3-8D68-C1F8265145D3}.Debug|Any CPU.ActiveCfg = Debug|Any CPU
		{8767E968-A068-49A3-8D68-C1F8265145D3}.Debug|Any CPU.Build.0 = Debug|Any CPU
		{8767E968-A068-49A3-8D68-C1F8265145D3}.Release|Any CPU.ActiveCfg = Release|Any CPU
		{8767E968-A068-49A3-8D68-C1F8265145D3}.Release|Any CPU.Build.0 = Release|Any CPU
	EndGlobalSection
	GlobalSection(SolutionProperties) = preSolution
		HideSolutionNode = FALSE
	EndGlobalSection
	GlobalSection(ExtensibilityGlobals) = postSolution
		SolutionGuid = {AF091E81-3A0D-4828-B91D-357AA4596FC5}
	EndGlobalSection
EndGlobal
